// !$*UTF8*$!
{
	archiveVersion = 1;
	classes = {
	};
	objectVersion = 46;
	objects = {

/* Begin PBXBuildFile section */
		3374430222664C46007CDA9C /* AppDelegate.swift in Sources */ = {isa = PBXBuildFile; fileRef = 3374430122664C46007CDA9C /* AppDelegate.swift */; };
		3374430422664C46007CDA9C /* ViewController.swift in Sources */ = {isa = PBXBuildFile; fileRef = 3374430322664C46007CDA9C /* ViewController.swift */; };
		3374430722664C46007CDA9C /* Main.storyboard in Resources */ = {isa = PBXBuildFile; fileRef = 3374430522664C46007CDA9C /* Main.storyboard */; };
		3374430922664C46007CDA9C /* Assets.xcassets in Resources */ = {isa = PBXBuildFile; fileRef = 3374430822664C46007CDA9C /* Assets.xcassets */; };
		3374430C22664C46007CDA9C /* LaunchScreen.storyboard in Resources */ = {isa = PBXBuildFile; fileRef = 3374430A22664C46007CDA9C /* LaunchScreen.storyboard */; };
		3374431722664C46007CDA9C /* FoodTrackerTests.swift in Sources */ = {isa = PBXBuildFile; fileRef = 3374431622664C46007CDA9C /* FoodTrackerTests.swift */; };
		3374432222664C46007CDA9C /* FoodTrackerUITests.swift in Sources */ = {isa = PBXBuildFile; fileRef = 3374432122664C46007CDA9C /* FoodTrackerUITests.swift */; };
/* End PBXBuildFile section */

/* Begin PBXContainerItemProxy section */
		3374431322664C46007CDA9C /* PBXContainerItemProxy */ = {
			isa = PBXContainerItemProxy;
			containerPortal = 337442F622664C46007CDA9C /* Project object */;
			proxyType = 1;
			remoteGlobalIDString = 337442FD22664C46007CDA9C;
			remoteInfo = FoodTracker;
		};
		3374431E22664C46007CDA9C /* PBXContainerItemProxy */ = {
			isa = PBXContainerItemProxy;
			containerPortal = 337442F622664C46007CDA9C /* Project object */;
			proxyType = 1;
			remoteGlobalIDString = 337442FD22664C46007CDA9C;
			remoteInfo = FoodTracker;
		};
/* End PBXContainerItemProxy section */

/* Begin PBXFileReference section */
		337442FE22664C46007CDA9C /* FoodTracker.app */ = {isa = PBXFileReference; explicitFileType = wrapper.application; includeInIndex = 0; path = FoodTracker.app; sourceTree = BUILT_PRODUCTS_DIR; };
		3374430122664C46007CDA9C /* AppDelegate.swift */ = {isa = PBXFileReference; lastKnownFileType = sourcecode.swift; path = AppDelegate.swift; sourceTree = "<group>"; };
		3374430322664C46007CDA9C /* ViewController.swift */ = {isa = PBXFileReference; lastKnownFileType = sourcecode.swift; path = ViewController.swift; sourceTree = "<group>"; };
		3374430622664C46007CDA9C /* Base */ = {isa = PBXFileReference; lastKnownFileType = file.storyboard; name = Base; path = Base.lproj/Main.storyboard; sourceTree = "<group>"; };
		3374430822664C46007CDA9C /* Assets.xcassets */ = {isa = PBXFileReference; lastKnownFileType = folder.assetcatalog; path = Assets.xcassets; sourceTree = "<group>"; };
		3374430B22664C46007CDA9C /* Base */ = {isa = PBXFileReference; lastKnownFileType = file.storyboard; name = Base; path = Base.lproj/LaunchScreen.storyboard; sourceTree = "<group>"; };
		3374430D22664C46007CDA9C /* Info.plist */ = {isa = PBXFileReference; lastKnownFileType = text.plist.xml; path = Info.plist; sourceTree = "<group>"; };
		3374431222664C46007CDA9C /* FoodTrackerTests.xctest */ = {isa = PBXFileReference; explicitFileType = wrapper.cfbundle; includeInIndex = 0; path = FoodTrackerTests.xctest; sourceTree = BUILT_PRODUCTS_DIR; };
		3374431622664C46007CDA9C /* FoodTrackerTests.swift */ = {isa = PBXFileReference; lastKnownFileType = sourcecode.swift; path = FoodTrackerTests.swift; sourceTree = "<group>"; };
		3374431822664C46007CDA9C /* Info.plist */ = {isa = PBXFileReference; lastKnownFileType = text.plist.xml; path = Info.plist; sourceTree = "<group>"; };
		3374431D22664C46007CDA9C /* FoodTrackerUITests.xctest */ = {isa = PBXFileReference; explicitFileType = wrapper.cfbundle; includeInIndex = 0; path = FoodTrackerUITests.xctest; sourceTree = BUILT_PRODUCTS_DIR; };
		3374432122664C46007CDA9C /* FoodTrackerUITests.swift */ = {isa = PBXFileReference; lastKnownFileType = sourcecode.swift; path = FoodTrackerUITests.swift; sourceTree = "<group>"; };
		3374432322664C46007CDA9C /* Info.plist */ = {isa = PBXFileReference; lastKnownFileType = text.plist.xml; path = Info.plist; sourceTree = "<group>"; };
/* End PBXFileReference section */

/* Begin PBXFrameworksBuildPhase section */
		337442FB22664C46007CDA9C /* Frameworks */ = {
			isa = PBXFrameworksBuildPhase;
			buildActionMask = 2147483647;
			files = (
			);
			runOnlyForDeploymentPostprocessing = 0;
		};
		3374430F22664C46007CDA9C /* Frameworks */ = {
			isa = PBXFrameworksBuildPhase;
			buildActionMask = 2147483647;
			files = (
			);
			runOnlyForDeploymentPostprocessing = 0;
		};
		3374431A22664C46007CDA9C /* Frameworks */ = {
			isa = PBXFrameworksBuildPhase;
			buildActionMask = 2147483647;
			files = (
			);
			runOnlyForDeploymentPostprocessing = 0;
		};
/* End PBXFrameworksBuildPhase section */

/* Begin PBXGroup section */
		337442F522664C46007CDA9C = {
			isa = PBXGroup;
			children = (
				3374430022664C46007CDA9C /* FoodTracker */,
				3374431522664C46007CDA9C /* FoodTrackerTests */,
				3374432022664C46007CDA9C /* FoodTrackerUITests */,
				337442FF22664C46007CDA9C /* Products */,
			);
			sourceTree = "<group>";
		};
		337442FF22664C46007CDA9C /* Products */ = {
			isa = PBXGroup;
			children = (
				337442FE22664C46007CDA9C /* FoodTracker.app */,
				3374431222664C46007CDA9C /* FoodTrackerTests.xctest */,
				3374431D22664C46007CDA9C /* FoodTrackerUITests.xctest */,
			);
			name = Products;
			sourceTree = "<group>";
		};
		3374430022664C46007CDA9C /* FoodTracker */ = {
			isa = PBXGroup;
			children = (
				3374430122664C46007CDA9C /* AppDelegate.swift */,
				3374430322664C46007CDA9C /* ViewController.swift */,
				3374430522664C46007CDA9C /* Main.storyboard */,
				3374430822664C46007CDA9C /* Assets.xcassets */,
				3374430A22664C46007CDA9C /* LaunchScreen.storyboard */,
				3374430D22664C46007CDA9C /* Info.plist */,
			);
			path = FoodTracker;
			sourceTree = "<group>";
		};
		3374431522664C46007CDA9C /* FoodTrackerTests */ = {
			isa = PBXGroup;
			children = (
				3374431622664C46007CDA9C /* FoodTrackerTests.swift */,
				3374431822664C46007CDA9C /* Info.plist */,
			);
			path = FoodTrackerTests;
			sourceTree = "<group>";
		};
		3374432022664C46007CDA9C /* FoodTrackerUITests */ = {
			isa = PBXGroup;
			children = (
				3374432122664C46007CDA9C /* FoodTrackerUITests.swift */,
				3374432322664C46007CDA9C /* Info.plist */,
			);
			path = FoodTrackerUITests;
			sourceTree = "<group>";
		};
/* End PBXGroup section */

/* Begin PBXNativeTarget section */
		337442FD22664C46007CDA9C /* FoodTracker */ = {
			isa = PBXNativeTarget;
			buildConfigurationList = 3374432622664C46007CDA9C /* Build configuration list for PBXNativeTarget "FoodTracker" */;
			buildPhases = (
				337442FA22664C46007CDA9C /* Sources */,
				337442FB22664C46007CDA9C /* Frameworks */,
				337442FC22664C46007CDA9C /* Resources */,
			);
			buildRules = (
			);
			dependencies = (
			);
			name = FoodTracker;
			productName = FoodTracker;
			productReference = 337442FE22664C46007CDA9C /* FoodTracker.app */;
			productType = "com.apple.product-type.application";
		};
		3374431122664C46007CDA9C /* FoodTrackerTests */ = {
			isa = PBXNativeTarget;
			buildConfigurationList = 3374432922664C46007CDA9C /* Build configuration list for PBXNativeTarget "FoodTrackerTests" */;
			buildPhases = (
				3374430E22664C46007CDA9C /* Sources */,
				3374430F22664C46007CDA9C /* Frameworks */,
				3374431022664C46007CDA9C /* Resources */,
			);
			buildRules = (
			);
			dependencies = (
				3374431422664C46007CDA9C /* PBXTargetDependency */,
			);
			name = FoodTrackerTests;
			productName = FoodTrackerTests;
			productReference = 3374431222664C46007CDA9C /* FoodTrackerTests.xctest */;
			productType = "com.apple.product-type.bundle.unit-test";
		};
		3374431C22664C46007CDA9C /* FoodTrackerUITests */ = {
			isa = PBXNativeTarget;
			buildConfigurationList = 3374432C22664C46007CDA9C /* Build configuration list for PBXNativeTarget "FoodTrackerUITests" */;
			buildPhases = (
				3374431922664C46007CDA9C /* Sources */,
				3374431A22664C46007CDA9C /* Frameworks */,
				3374431B22664C46007CDA9C /* Resources */,
			);
			buildRules = (
			);
			dependencies = (
				3374431F22664C46007CDA9C /* PBXTargetDependency */,
			);
			name = FoodTrackerUITests;
			productName = FoodTrackerUITests;
			productReference = 3374431D22664C46007CDA9C /* FoodTrackerUITests.xctest */;
			productType = "com.apple.product-type.bundle.ui-testing";
		};
/* End PBXNativeTarget section */

/* Begin PBXProject section */
		337442F622664C46007CDA9C /* Project object */ = {
			isa = PBXProject;
			attributes = {
				LastSwiftUpdateCheck = 0830;
				LastUpgradeCheck = 0830;
				ORGANIZATIONNAME = "Mahoney, Kevin";
				TargetAttributes = {
					337442FD22664C46007CDA9C = {
						CreatedOnToolsVersion = 8.3.3;
						ProvisioningStyle = Automatic;
					};
					3374431122664C46007CDA9C = {
						CreatedOnToolsVersion = 8.3.3;
						ProvisioningStyle = Automatic;
						TestTargetID = 337442FD22664C46007CDA9C;
					};
					3374431C22664C46007CDA9C = {
						CreatedOnToolsVersion = 8.3.3;
						ProvisioningStyle = Automatic;
						TestTargetID = 337442FD22664C46007CDA9C;
					};
				};
			};
			buildConfigurationList = 337442F922664C46007CDA9C /* Build configuration list for PBXProject "FoodTracker" */;
			compatibilityVersion = "Xcode 3.2";
			developmentRegion = English;
			hasScannedForEncodings = 0;
			knownRegions = (
				en,
				Base,
			);
			mainGroup = 337442F522664C46007CDA9C;
			productRefGroup = 337442FF22664C46007CDA9C /* Products */;
			projectDirPath = "";
			projectRoot = "";
			targets = (
				337442FD22664C46007CDA9C /* FoodTracker */,
				3374431122664C46007CDA9C /* FoodTrackerTests */,
				3374431C22664C46007CDA9C /* FoodTrackerUITests */,
			);
		};
/* End PBXProject section */

/* Begin PBXResourcesBuildPhase section */
		337442FC22664C46007CDA9C /* Resources */ = {
			isa = PBXResourcesBuildPhase;
			buildActionMask = 2147483647;
			files = (
				3374430C22664C46007CDA9C /* LaunchScreen.storyboard in Resources */,
				3374430922664C46007CDA9C /* Assets.xcassets in Resources */,
				3374430722664C46007CDA9C /* Main.storyboard in Resources */,
			);
			runOnlyForDeploymentPostprocessing = 0;
		};
		3374431022664C46007CDA9C /* Resources */ = {
			isa = PBXResourcesBuildPhase;
			buildActionMask = 2147483647;
			files = (
			);
			runOnlyForDeploymentPostprocessing = 0;
		};
		3374431B22664C46007CDA9C /* Resources */ = {
			isa = PBXResourcesBuildPhase;
			buildActionMask = 2147483647;
			files = (
			);
			runOnlyForDeploymentPostprocessing = 0;
		};
/* End PBXResourcesBuildPhase section */

/* Begin PBXSourcesBuildPhase section */
		337442FA22664C46007CDA9C /* Sources */ = {
			isa = PBXSourcesBuildPhase;
			buildActionMask = 2147483647;
			files = (
				3374430422664C46007CDA9C /* ViewController.swift in Sources */,
				3374430222664C46007CDA9C /* AppDelegate.swift in Sources */,
			);
			runOnlyForDeploymentPostprocessing = 0;
		};
		3374430E22664C46007CDA9C /* Sources */ = {
			isa = PBXSourcesBuildPhase;
			buildActionMask = 2147483647;
			files = (
				3374431722664C46007CDA9C /* FoodTrackerTests.swift in Sources */,
			);
			runOnlyForDeploymentPostprocessing = 0;
		};
		3374431922664C46007CDA9C /* Sources */ = {
			isa = PBXSourcesBuildPhase;
			buildActionMask = 2147483647;
			files = (
				3374432222664C46007CDA9C /* FoodTrackerUITests.swift in Sources */,
			);
			runOnlyForDeploymentPostprocessing = 0;
		};
/* End PBXSourcesBuildPhase section */

/* Begin PBXTargetDependency section */
		3374431422664C46007CDA9C /* PBXTargetDependency */ = {
			isa = PBXTargetDependency;
			target = 337442FD22664C46007CDA9C /* FoodTracker */;
			targetProxy = 3374431322664C46007CDA9C /* PBXContainerItemProxy */;
		};
		3374431F22664C46007CDA9C /* PBXTargetDependency */ = {
			isa = PBXTargetDependency;
			target = 337442FD22664C46007CDA9C /* FoodTracker */;
			targetProxy = 3374431E22664C46007CDA9C /* PBXContainerItemProxy */;
		};
/* End PBXTargetDependency section */

/* Begin PBXVariantGroup section */
		3374430522664C46007CDA9C /* Main.storyboard */ = {
			isa = PBXVariantGroup;
			children = (
				3374430622664C46007CDA9C /* Base */,
			);
			name = Main.storyboard;
			sourceTree = "<group>";
		};
		3374430A22664C46007CDA9C /* LaunchScreen.storyboard */ = {
			isa = PBXVariantGroup;
			children = (
				3374430B22664C46007CDA9C /* Base */,
			);
			name = LaunchScreen.storyboard;
			sourceTree = "<group>";
		};
/* End PBXVariantGroup section */

/* Begin XCBuildConfiguration section */
		3374432422664C46007CDA9C /* Debug */ = {
			isa = XCBuildConfiguration;
			buildSettings = {
				ALWAYS_SEARCH_USER_PATHS = NO;
				CLANG_ANALYZER_NONNULL = YES;
				CLANG_ANALYZER_NUMBER_OBJECT_CONVERSION = YES_AGGRESSIVE;
				CLANG_CXX_LANGUAGE_STANDARD = "gnu++0x";
				CLANG_CXX_LIBRARY = "libc++";
				CLANG_ENABLE_MODULES = YES;
				CLANG_ENABLE_OBJC_ARC = YES;
				CLANG_WARN_BOOL_CONVERSION = YES;
				CLANG_WARN_CONSTANT_CONVERSION = YES;
				CLANG_WARN_DIRECT_OBJC_ISA_USAGE = YES_ERROR;
				CLANG_WARN_DOCUMENTATION_COMMENTS = YES;
				CLANG_WARN_EMPTY_BODY = YES;
				CLANG_WARN_ENUM_CONVERSION = YES;
				CLANG_WARN_INFINITE_RECURSION = YES;
				CLANG_WARN_INT_CONVERSION = YES;
				CLANG_WARN_OBJC_ROOT_CLASS = YES_ERROR;
				CLANG_WARN_SUSPICIOUS_MOVE = YES;
				CLANG_WARN_UNREACHABLE_CODE = YES;
				CLANG_WARN__DUPLICATE_METHOD_MATCH = YES;
				"CODE_SIGN_IDENTITY[sdk=iphoneos*]" = "iPhone Developer";
				COPY_PHASE_STRIP = NO;
				DEBUG_INFORMATION_FORMAT = dwarf;
				ENABLE_STRICT_OBJC_MSGSEND = YES;
				ENABLE_TESTABILITY = YES;
				GCC_C_LANGUAGE_STANDARD = gnu99;
				GCC_DYNAMIC_NO_PIC = NO;
				GCC_NO_COMMON_BLOCKS = YES;
				GCC_OPTIMIZATION_LEVEL = 0;
				GCC_PREPROCESSOR_DEFINITIONS = (
					"DEBUG=1",
					"$(inherited)",
				);
				GCC_WARN_64_TO_32_BIT_CONVERSION = YES;
				GCC_WARN_ABOUT_RETURN_TYPE = YES_ERROR;
				GCC_WARN_UNDECLARED_SELECTOR = YES;
				GCC_WARN_UNINITIALIZED_AUTOS = YES_AGGRESSIVE;
				GCC_WARN_UNUSED_FUNCTION = YES;
				GCC_WARN_UNUSED_VARIABLE = YES;
				IPHONEOS_DEPLOYMENT_TARGET = 10.3;
				MTL_ENABLE_DEBUG_INFO = YES;
				ONLY_ACTIVE_ARCH = YES;
				SDKROOT = iphoneos;
				SWIFT_ACTIVE_COMPILATION_CONDITIONS = DEBUG;
				SWIFT_OPTIMIZATION_LEVEL = "-Onone";
				TARGETED_DEVICE_FAMILY = "1,2";
			};
			name = Debug;
		};
		3374432522664C46007CDA9C /* Release */ = {
			isa = XCBuildConfiguration;
			buildSettings = {
				ALWAYS_SEARCH_USER_PATHS = NO;
				CLANG_ANALYZER_NONNULL = YES;
				CLANG_ANALYZER_NUMBER_OBJECT_CONVERSION = YES_AGGRESSIVE;
				CLANG_CXX_LANGUAGE_STANDARD = "gnu++0x";
				CLANG_CXX_LIBRARY = "libc++";
				CLANG_ENABLE_MODULES = YES;
				CLANG_ENABLE_OBJC_ARC = YES;
				CLANG_WARN_BOOL_CONVERSION = YES;
				CLANG_WARN_CONSTANT_CONVERSION = YES;
				CLANG_WARN_DIRECT_OBJC_ISA_USAGE = YES_ERROR;
				CLANG_WARN_DOCUMENTATION_COMMENTS = YES;
				CLANG_WARN_EMPTY_BODY = YES;
				CLANG_WARN_ENUM_CONVERSION = YES;
				CLANG_WARN_INFINITE_RECURSION = YES;
				CLANG_WARN_INT_CONVERSION = YES;
				CLANG_WARN_OBJC_ROOT_CLASS = YES_ERROR;
				CLANG_WARN_SUSPICIOUS_MOVE = YES;
				CLANG_WARN_UNREACHABLE_CODE = YES;
				CLANG_WARN__DUPLICATE_METHOD_MATCH = YES;
				"CODE_SIGN_IDENTITY[sdk=iphoneos*]" = "iPhone Developer";
				COPY_PHASE_STRIP = NO;
				DEBUG_INFORMATION_FORMAT = "dwarf-with-dsym";
				ENABLE_NS_ASSERTIONS = NO;
				ENABLE_STRICT_OBJC_MSGSEND = YES;
				GCC_C_LANGUAGE_STANDARD = gnu99;
				GCC_NO_COMMON_BLOCKS = YES;
				GCC_WARN_64_TO_32_BIT_CONVERSION = YES;
				GCC_WARN_ABOUT_RETURN_TYPE = YES_ERROR;
				GCC_WARN_UNDECLARED_SELECTOR = YES;
				GCC_WARN_UNINITIALIZED_AUTOS = YES_AGGRESSIVE;
				GCC_WARN_UNUSED_FUNCTION = YES;
				GCC_WARN_UNUSED_VARIABLE = YES;
				IPHONEOS_DEPLOYMENT_TARGET = 10.3;
				MTL_ENABLE_DEBUG_INFO = NO;
				SDKROOT = iphoneos;
				SWIFT_OPTIMIZATION_LEVEL = "-Owholemodule";
				TARGETED_DEVICE_FAMILY = "1,2";
				VALIDATE_PRODUCT = YES;
			};
			name = Release;
		};
		3374432722664C46007CDA9C /* Debug */ = {
			isa = XCBuildConfiguration;
			buildSettings = {
				ASSETCATALOG_COMPILER_APPICON_NAME = AppIcon;
				INFOPLIST_FILE = FoodTracker/Info.plist;
				LD_RUNPATH_SEARCH_PATHS = "$(inherited) @executable_path/Frameworks";
				PRODUCT_BUNDLE_IDENTIFIER = KevinInc.FoodTracker;
				PRODUCT_NAME = "$(TARGET_NAME)";
				SWIFT_VERSION = 3.0;
			};
			name = Debug;
		};
		3374432822664C46007CDA9C /* Release */ = {
			isa = XCBuildConfiguration;
			buildSettings = {
				ASSETCATALOG_COMPILER_APPICON_NAME = AppIcon;
				INFOPLIST_FILE = FoodTracker/Info.plist;
				LD_RUNPATH_SEARCH_PATHS = "$(inherited) @executable_path/Frameworks";
				PRODUCT_BUNDLE_IDENTIFIER = KevinInc.FoodTracker;
				PRODUCT_NAME = "$(TARGET_NAME)";
				SWIFT_VERSION = 3.0;
			};
			name = Release;
		};
		3374432A22664C46007CDA9C /* Debug */ = {
			isa = XCBuildConfiguration;
			buildSettings = {
				ALWAYS_EMBED_SWIFT_STANDARD_LIBRARIES = YES;
				BUNDLE_LOADER = "$(TEST_HOST)";
				INFOPLIST_FILE = FoodTrackerTests/Info.plist;
				LD_RUNPATH_SEARCH_PATHS = "$(inherited) @executable_path/Frameworks @loader_path/Frameworks";
				PRODUCT_BUNDLE_IDENTIFIER = KevinInc.FoodTrackerTests;
				PRODUCT_NAME = "$(TARGET_NAME)";
				SWIFT_VERSION = 3.0;
				TEST_HOST = "$(BUILT_PRODUCTS_DIR)/FoodTracker.app/FoodTracker";
			};
			name = Debug;
		};
		3374432B22664C46007CDA9C /* Release */ = {
			isa = XCBuildConfiguration;
			buildSettings = {
				ALWAYS_EMBED_SWIFT_STANDARD_LIBRARIES = YES;
				BUNDLE_LOADER = "$(TEST_HOST)";
				INFOPLIST_FILE = FoodTrackerTests/Info.plist;
				LD_RUNPATH_SEARCH_PATHS = "$(inherited) @executable_path/Frameworks @loader_path/Frameworks";
				PRODUCT_BUNDLE_IDENTIFIER = KevinInc.FoodTrackerTests;
				PRODUCT_NAME = "$(TARGET_NAME)";
				SWIFT_VERSION = 3.0;
				TEST_HOST = "$(BUILT_PRODUCTS_DIR)/FoodTracker.app/FoodTracker";
			};
			name = Release;
		};
		3374432D22664C46007CDA9C /* Debug */ = {
			isa = XCBuildConfiguration;
			buildSettings = {
				ALWAYS_EMBED_SWIFT_STANDARD_LIBRARIES = YES;
				INFOPLIST_FILE = FoodTrackerUITests/Info.plist;
				LD_RUNPATH_SEARCH_PATHS = "$(inherited) @executable_path/Frameworks @loader_path/Frameworks";
				PRODUCT_BUNDLE_IDENTIFIER = KevinInc.FoodTrackerUITests;
				PRODUCT_NAME = "$(TARGET_NAME)";
				SWIFT_VERSION = 3.0;
				TEST_TARGET_NAME = FoodTracker;
			};
			name = Debug;
		};
		3374432E22664C46007CDA9C /* Release */ = {
			isa = XCBuildConfiguration;
			buildSettings = {
				ALWAYS_EMBED_SWIFT_STANDARD_LIBRARIES = YES;
				INFOPLIST_FILE = FoodTrackerUITests/Info.plist;
				LD_RUNPATH_SEARCH_PATHS = "$(inherited) @executable_path/Frameworks @loader_path/Frameworks";
				PRODUCT_BUNDLE_IDENTIFIER = KevinInc.FoodTrackerUITests;
				PRODUCT_NAME = "$(TARGET_NAME)";
				SWIFT_VERSION = 3.0;
				TEST_TARGET_NAME = FoodTracker;
			};
			name = Release;
		};
/* End XCBuildConfiguration section */

/* Begin XCConfigurationList section */
		337442F922664C46007CDA9C /* Build configuration list for PBXProject "FoodTracker" */ = {
			isa = XCConfigurationList;
			buildConfigurations = (
				3374432422664C46007CDA9C /* Debug */,
				3374432522664C46007CDA9C /* Release */,
			);
			defaultConfigurationIsVisible = 0;
			defaultConfigurationName = Release;
		};
		3374432622664C46007CDA9C /* Build configuration list for PBXNativeTarget "FoodTracker" */ = {
			isa = XCConfigurationList;
			buildConfigurations = (
				3374432722664C46007CDA9C /* Debug */,
				3374432822664C46007CDA9C /* Release */,
			);
			defaultConfigurationIsVisible = 0;
		};
		3374432922664C46007CDA9C /* Build configuration list for PBXNativeTarget "FoodTrackerTests" */ = {
			isa = XCConfigurationList;
			buildConfigurations = (
				3374432A22664C46007CDA9C /* Debug */,
				3374432B22664C46007CDA9C /* Release */,
			);
			defaultConfigurationIsVisible = 0;
		};
		3374432C22664C46007CDA9C /* Build configuration list for PBXNativeTarget "FoodTrackerUITests" */ = {
			isa = XCConfigurationList;
			buildConfigurations = (
				3374432D22664C46007CDA9C /* Debug */,
				3374432E22664C46007CDA9C /* Release */,
			);
			defaultConfigurationIsVisible = 0;
		};
/* End XCConfigurationList section */
	};
	rootObject = 337442F622664C46007CDA9C /* Project object */;
}
